{
  "name": "notangles",
  "lockfileVersion": 2,
  "requires": true,
  "packages": {
    "": {
      "dependencies": {
        "@sentry/react": "^6.19.3",
        "@sentry/tracing": "^6.19.3"
      }
    },
    "node_modules/@sentry/browser": {
      "version": "6.19.3",
      "resolved": "https://registry.npmjs.org/@sentry/browser/-/browser-6.19.3.tgz",
      "integrity": "sha512-E8UA6IN8z9hL6aGzOHUzqgNZiBwARkA89i8ncKB9QU1/+jl7598ZLziN4+uyPeZiRquEz8Ub7Ve1eacs1u+fbw==",
      "dependencies": {
        "@sentry/core": "6.19.3",
        "@sentry/types": "6.19.3",
        "@sentry/utils": "6.19.3",
        "tslib": "^1.9.3"
      },
      "engines": {
        "node": ">=6"
      }
    },
    "node_modules/@sentry/core": {
      "version": "6.19.3",
      "resolved": "https://registry.npmjs.org/@sentry/core/-/core-6.19.3.tgz",
      "integrity": "sha512-RcGmYdkrE3VYBMl9Hgv4GKsC8FEVUdWYsfGIcT/btwP2YpBeUaTZl+1vV9r3Ncdl125LqzP5CKSj5otVxiEg6g==",
      "dependencies": {
        "@sentry/hub": "6.19.3",
        "@sentry/minimal": "6.19.3",
        "@sentry/types": "6.19.3",
        "@sentry/utils": "6.19.3",
        "tslib": "^1.9.3"
      },
      "engines": {
        "node": ">=6"
      }
    },
    "node_modules/@sentry/hub": {
      "version": "6.19.3",
      "resolved": "https://registry.npmjs.org/@sentry/hub/-/hub-6.19.3.tgz",
      "integrity": "sha512-iYbkrxEZt6CrHP3U3r54MARVZSs3YHjAMUMOTlC16s/Amz1McwV95XtI3NJaqMhwzl7R5vbGrs3xOtLg1V1Uyw==",
      "dependencies": {
        "@sentry/types": "6.19.3",
        "@sentry/utils": "6.19.3",
        "tslib": "^1.9.3"
      },
      "engines": {
        "node": ">=6"
      }
    },
    "node_modules/@sentry/minimal": {
      "version": "6.19.3",
      "resolved": "https://registry.npmjs.org/@sentry/minimal/-/minimal-6.19.3.tgz",
      "integrity": "sha512-xy/6ThHK8B2NJT98nWrx6V9eVgUbzq2N/8lv5/QqrKsICjxx22TRC8Q6zPg/o7BYcrY5vpugSEbIeErTnyxHDA==",
      "dependencies": {
        "@sentry/hub": "6.19.3",
        "@sentry/types": "6.19.3",
        "tslib": "^1.9.3"
      },
      "engines": {
        "node": ">=6"
      }
    },
    "node_modules/@sentry/react": {
      "version": "6.19.3",
      "resolved": "https://registry.npmjs.org/@sentry/react/-/react-6.19.3.tgz",
      "integrity": "sha512-Zza1RX0+1tFCM1Hfq3Yl50cbc/ml0V/katw4aVZIU6+vEgvk5EuSFKU2LtblmJkpID7x6UwWz+1qgXumZPze6Q==",
      "dependencies": {
        "@sentry/browser": "6.19.3",
        "@sentry/minimal": "6.19.3",
        "@sentry/types": "6.19.3",
        "@sentry/utils": "6.19.3",
        "hoist-non-react-statics": "^3.3.2",
        "tslib": "^1.9.3"
      },
      "engines": {
        "node": ">=6"
      },
      "peerDependencies": {
        "react": "15.x || 16.x || 17.x"
      }
    },
    "node_modules/@sentry/tracing": {
      "version": "6.19.3",
      "resolved": "https://registry.npmjs.org/@sentry/tracing/-/tracing-6.19.3.tgz",
      "integrity": "sha512-3lyb4yCFH/ltEQSyKM96g2c74vvKIwByx8fLDS4FHYQQDXY+xPcs+zyK8L1Fs5PRFAUciEOK5TS9qwELom5K4w==",
      "dependencies": {
        "@sentry/hub": "6.19.3",
        "@sentry/minimal": "6.19.3",
        "@sentry/types": "6.19.3",
        "@sentry/utils": "6.19.3",
        "tslib": "^1.9.3"
      },
      "engines": {
        "node": ">=6"
      }
    },
    "node_modules/@sentry/types": {
      "version": "6.19.3",
      "resolved": "https://registry.npmjs.org/@sentry/types/-/types-6.19.3.tgz",
      "integrity": "sha512-jHhqxp8MIWSfOc3krorirTGKTEaSFO6XrAvi+2AZhr6gvOChwOgzgrN2ZqesJcZmgCsqWV21u3usSwYeRrjOJA==",
      "engines": {
        "node": ">=6"
      }
    },
    "node_modules/@sentry/utils": {
      "version": "6.19.3",
      "resolved": "https://registry.npmjs.org/@sentry/utils/-/utils-6.19.3.tgz",
      "integrity": "sha512-GdC9B/FK7qd0zItY43135bYbhuVSawE18bIrQDNuno8gTpDJ5OgShpTN9zR53AmMh16/lwKNnV3ZZjlpKcxuNw==",
      "dependencies": {
        "@sentry/types": "6.19.3",
        "tslib": "^1.9.3"
      },
      "engines": {
        "node": ">=6"
      }
    },
    "node_modules/hoist-non-react-statics": {
      "version": "3.3.2",
      "resolved": "https://registry.npmjs.org/hoist-non-react-statics/-/hoist-non-react-statics-3.3.2.tgz",
      "integrity": "sha512-/gGivxi8JPKWNm/W0jSmzcMPpfpPLc3dY/6GxhX2hQ9iGj3aDfklV4ET7NjKpSinLpJ5vafa9iiGIEZg10SfBw==",
      "dependencies": {
        "react-is": "^16.7.0"
      }
    },
    "node_modules/js-tokens": {
      "version": "4.0.0",
      "resolved": "https://registry.npmjs.org/js-tokens/-/js-tokens-4.0.0.tgz",
      "integrity": "sha512-RdJUflcE3cUzKiMqQgsCu06FPu9UdIJO0beYbPhHN4k6apgJtifcoCtT9bcxOpYBtpD2kCM6Sbzg4CausW/PKQ==",
      "peer": true
    },
    "node_modules/loose-envify": {
      "version": "1.4.0",
      "resolved": "https://registry.npmjs.org/loose-envify/-/loose-envify-1.4.0.tgz",
      "integrity": "sha512-lyuxPGr/Wfhrlem2CL/UcnUc1zcqKAImBDzukY7Y5F/yQiNdko6+fRLevlw1HgMySw7f611UIY408EtxRSoK3Q==",
      "peer": true,
      "dependencies": {
        "js-tokens": "^3.0.0 || ^4.0.0"
      },
      "bin": {
        "loose-envify": "cli.js"
      }
    },
    "node_modules/object-assign": {
      "version": "4.1.1",
      "resolved": "https://registry.npmjs.org/object-assign/-/object-assign-4.1.1.tgz",
      "integrity": "sha1-IQmtx5ZYh8/AXLvUQsrIv7s2CGM=",
      "peer": true,
      "engines": {
        "node": ">=0.10.0"
      }
    },
    "node_modules/react": {
      "version": "17.0.2",
      "resolved": "https://registry.npmjs.org/react/-/react-17.0.2.tgz",
      "integrity": "sha512-gnhPt75i/dq/z3/6q/0asP78D0u592D5L1pd7M8P+dck6Fu/jJeL6iVVK23fptSUZj8Vjf++7wXA8UNclGQcbA==",
      "peer": true,
      "dependencies": {
        "loose-envify": "^1.1.0",
        "object-assign": "^4.1.1"
      },
      "engines": {
        "node": ">=0.10.0"
      }
    },
    "node_modules/react-is": {
      "version": "16.13.1",
      "resolved": "https://registry.npmjs.org/react-is/-/react-is-16.13.1.tgz",
      "integrity": "sha512-24e6ynE2H+OKt4kqsOvNd8kBpV65zoxbA4BVsEOB3ARVWQki/DHzaUoC5KuON/BiccDaCCTZBuOcfZs70kR8bQ=="
    },
    "node_modules/tslib": {
      "version": "1.14.1",
      "resolved": "https://registry.npmjs.org/tslib/-/tslib-1.14.1.tgz",
      "integrity": "sha512-Xni35NKzjgMrwevysHTCArtLDpPvye8zV/0E4EyYn43P7/7qvQwPh9BGkHewbMulVntbigmcT7rdX3BNo9wRJg=="
    }
  },
  "dependencies": {
    "@sentry/browser": {
      "version": "6.19.3",
      "resolved": "https://registry.npmjs.org/@sentry/browser/-/browser-6.19.3.tgz",
      "integrity": "sha512-E8UA6IN8z9hL6aGzOHUzqgNZiBwARkA89i8ncKB9QU1/+jl7598ZLziN4+uyPeZiRquEz8Ub7Ve1eacs1u+fbw==",
      "requires": {
        "@sentry/core": "6.19.3",
        "@sentry/types": "6.19.3",
        "@sentry/utils": "6.19.3",
        "tslib": "^1.9.3"
      }
    },
    "@sentry/core": {
      "version": "6.19.3",
      "resolved": "https://registry.npmjs.org/@sentry/core/-/core-6.19.3.tgz",
      "integrity": "sha512-RcGmYdkrE3VYBMl9Hgv4GKsC8FEVUdWYsfGIcT/btwP2YpBeUaTZl+1vV9r3Ncdl125LqzP5CKSj5otVxiEg6g==",
      "requires": {
        "@sentry/hub": "6.19.3",
        "@sentry/minimal": "6.19.3",
        "@sentry/types": "6.19.3",
        "@sentry/utils": "6.19.3",
        "tslib": "^1.9.3"
      }
    },
    "@sentry/hub": {
      "version": "6.19.3",
      "resolved": "https://registry.npmjs.org/@sentry/hub/-/hub-6.19.3.tgz",
      "integrity": "sha512-iYbkrxEZt6CrHP3U3r54MARVZSs3YHjAMUMOTlC16s/Amz1McwV95XtI3NJaqMhwzl7R5vbGrs3xOtLg1V1Uyw==",
      "requires": {
        "@sentry/types": "6.19.3",
        "@sentry/utils": "6.19.3",
        "tslib": "^1.9.3"
      }
    },
    "@sentry/minimal": {
      "version": "6.19.3",
      "resolved": "https://registry.npmjs.org/@sentry/minimal/-/minimal-6.19.3.tgz",
      "integrity": "sha512-xy/6ThHK8B2NJT98nWrx6V9eVgUbzq2N/8lv5/QqrKsICjxx22TRC8Q6zPg/o7BYcrY5vpugSEbIeErTnyxHDA==",
      "requires": {
        "@sentry/hub": "6.19.3",
        "@sentry/types": "6.19.3",
        "tslib": "^1.9.3"
      }
    },
    "@sentry/react": {
      "version": "6.19.3",
      "resolved": "https://registry.npmjs.org/@sentry/react/-/react-6.19.3.tgz",
      "integrity": "sha512-Zza1RX0+1tFCM1Hfq3Yl50cbc/ml0V/katw4aVZIU6+vEgvk5EuSFKU2LtblmJkpID7x6UwWz+1qgXumZPze6Q==",
      "requires": {
        "@sentry/browser": "6.19.3",
        "@sentry/minimal": "6.19.3",
        "@sentry/types": "6.19.3",
        "@sentry/utils": "6.19.3",
        "hoist-non-react-statics": "^3.3.2",
        "tslib": "^1.9.3"
      }
    },
    "@sentry/tracing": {
      "version": "6.19.3",
      "resolved": "https://registry.npmjs.org/@sentry/tracing/-/tracing-6.19.3.tgz",
      "integrity": "sha512-3lyb4yCFH/ltEQSyKM96g2c74vvKIwByx8fLDS4FHYQQDXY+xPcs+zyK8L1Fs5PRFAUciEOK5TS9qwELom5K4w==",
      "requires": {
        "@sentry/hub": "6.19.3",
        "@sentry/minimal": "6.19.3",
        "@sentry/types": "6.19.3",
        "@sentry/utils": "6.19.3",
        "tslib": "^1.9.3"
      }
    },
    "@sentry/types": {
      "version": "6.19.3",
      "resolved": "https://registry.npmjs.org/@sentry/types/-/types-6.19.3.tgz",
      "integrity": "sha512-jHhqxp8MIWSfOc3krorirTGKTEaSFO6XrAvi+2AZhr6gvOChwOgzgrN2ZqesJcZmgCsqWV21u3usSwYeRrjOJA=="
    },
    "@sentry/utils": {
      "version": "6.19.3",
      "resolved": "https://registry.npmjs.org/@sentry/utils/-/utils-6.19.3.tgz",
      "integrity": "sha512-GdC9B/FK7qd0zItY43135bYbhuVSawE18bIrQDNuno8gTpDJ5OgShpTN9zR53AmMh16/lwKNnV3ZZjlpKcxuNw==",
      "requires": {
        "@sentry/types": "6.19.3",
        "tslib": "^1.9.3"
      }
    },
    "hoist-non-react-statics": {
      "version": "3.3.2",
      "resolved": "https://registry.npmjs.org/hoist-non-react-statics/-/hoist-non-react-statics-3.3.2.tgz",
      "integrity": "sha512-/gGivxi8JPKWNm/W0jSmzcMPpfpPLc3dY/6GxhX2hQ9iGj3aDfklV4ET7NjKpSinLpJ5vafa9iiGIEZg10SfBw==",
      "requires": {
        "react-is": "^16.7.0"
      }
    },
    "js-tokens": {
      "version": "4.0.0",
      "resolved": "https://registry.npmjs.org/js-tokens/-/js-tokens-4.0.0.tgz",
      "integrity": "sha512-RdJUflcE3cUzKiMqQgsCu06FPu9UdIJO0beYbPhHN4k6apgJtifcoCtT9bcxOpYBtpD2kCM6Sbzg4CausW/PKQ==",
      "peer": true
    },
    "loose-envify": {
      "version": "1.4.0",
      "resolved": "https://registry.npmjs.org/loose-envify/-/loose-envify-1.4.0.tgz",
      "integrity": "sha512-lyuxPGr/Wfhrlem2CL/UcnUc1zcqKAImBDzukY7Y5F/yQiNdko6+fRLevlw1HgMySw7f611UIY408EtxRSoK3Q==",
      "peer": true,
      "requires": {
        "js-tokens": "^3.0.0 || ^4.0.0"
      }
    },
    "object-assign": {
      "version": "4.1.1",
      "resolved": "https://registry.npmjs.org/object-assign/-/object-assign-4.1.1.tgz",
      "integrity": "sha1-IQmtx5ZYh8/AXLvUQsrIv7s2CGM=",
      "peer": true
    },
    "react": {
      "version": "17.0.2",
      "resolved": "https://registry.npmjs.org/react/-/react-17.0.2.tgz",
      "integrity": "sha512-gnhPt75i/dq/z3/6q/0asP78D0u592D5L1pd7M8P+dck6Fu/jJeL6iVVK23fptSUZj8Vjf++7wXA8UNclGQcbA==",
      "peer": true,
      "requires": {
        "loose-envify": "^1.1.0",
        "object-assign": "^4.1.1"
      }
    },
    "react-is": {
      "version": "16.13.1",
      "resolved": "https://registry.npmjs.org/react-is/-/react-is-16.13.1.tgz",
      "integrity": "sha512-24e6ynE2H+OKt4kqsOvNd8kBpV65zoxbA4BVsEOB3ARVWQki/DHzaUoC5KuON/BiccDaCCTZBuOcfZs70kR8bQ=="
    },
    "tslib": {
      "version": "1.14.1",
      "resolved": "https://registry.npmjs.org/tslib/-/tslib-1.14.1.tgz",
      "integrity": "sha512-Xni35NKzjgMrwevysHTCArtLDpPvye8zV/0E4EyYn43P7/7qvQwPh9BGkHewbMulVntbigmcT7rdX3BNo9wRJg=="
    }
  }
}
